// !$*UTF8*$!
{
	archiveVersion = 1;
	classes = {
	};
	objectVersion = 48;
	objects = {

/* Begin PBXBuildFile section */
		584C513920580B1E00D99258 /* README.md in Resources */ = {isa = PBXBuildFile; fileRef = 584C513820580B1E00D99258 /* README.md */; };
		587C8A0B2056D5A70079A76A /* AppDelegate.swift in Sources */ = {isa = PBXBuildFile; fileRef = 587C8A0A2056D5A70079A76A /* AppDelegate.swift */; };
		587C8A102056D5A70079A76A /* Main.storyboard in Resources */ = {isa = PBXBuildFile; fileRef = 587C8A0E2056D5A70079A76A /* Main.storyboard */; };
		587C8A122056D5A70079A76A /* Assets.xcassets in Resources */ = {isa = PBXBuildFile; fileRef = 587C8A112056D5A70079A76A /* Assets.xcassets */; };
		587C8A152056D5A70079A76A /* LaunchScreen.storyboard in Resources */ = {isa = PBXBuildFile; fileRef = 587C8A132056D5A70079A76A /* LaunchScreen.storyboard */; };
		587C8A202056D5A70079A76A /* CitiesListingTests.swift in Sources */ = {isa = PBXBuildFile; fileRef = 587C8A1F2056D5A70079A76A /* CitiesListingTests.swift */; };
		587C8A2B2056D5F60079A76A /* CitiesData.swift in Sources */ = {isa = PBXBuildFile; fileRef = 587C8A2A2056D5F60079A76A /* CitiesData.swift */; };
		587C8A2E2056D7AE0079A76A /* City.swift in Sources */ = {isa = PBXBuildFile; fileRef = 587C8A2D2056D7AE0079A76A /* City.swift */; };
		587C8A332056DA950079A76A /* CitiesTableViewController.swift in Sources */ = {isa = PBXBuildFile; fileRef = 587C8A322056DA950079A76A /* CitiesTableViewController.swift */; };
		587C8A352057214E0079A76A /* MapViewController.swift in Sources */ = {isa = PBXBuildFile; fileRef = 587C8A342057214D0079A76A /* MapViewController.swift */; };
/* End PBXBuildFile section */

/* Begin PBXContainerItemProxy section */
		587C8A1C2056D5A70079A76A /* PBXContainerItemProxy */ = {
			isa = PBXContainerItemProxy;
			containerPortal = 587C89FF2056D5A70079A76A /* Project object */;
			proxyType = 1;
			remoteGlobalIDString = 587C8A062056D5A70079A76A;
			remoteInfo = CitiesListing;
		};
/* End PBXContainerItemProxy section */

/* Begin PBXFileReference section */
		584C513820580B1E00D99258 /* README.md */ = {isa = PBXFileReference; lastKnownFileType = net.daringfireball.markdown; path = README.md; sourceTree = "<group>"; };
		587C8A072056D5A70079A76A /* CitiesListing.app */ = {isa = PBXFileReference; explicitFileType = wrapper.application; includeInIndex = 0; path = CitiesListing.app; sourceTree = BUILT_PRODUCTS_DIR; };
		587C8A0A2056D5A70079A76A /* AppDelegate.swift */ = {isa = PBXFileReference; lastKnownFileType = sourcecode.swift; path = AppDelegate.swift; sourceTree = "<group>"; };
		587C8A0F2056D5A70079A76A /* Base */ = {isa = PBXFileReference; lastKnownFileType = file.storyboard; name = Base; path = Base.lproj/Main.storyboard; sourceTree = "<group>"; };
		587C8A112056D5A70079A76A /* Assets.xcassets */ = {isa = PBXFileReference; lastKnownFileType = folder.assetcatalog; path = Assets.xcassets; sourceTree = "<group>"; };
		587C8A142056D5A70079A76A /* Base */ = {isa = PBXFileReference; lastKnownFileType = file.storyboard; name = Base; path = Base.lproj/LaunchScreen.storyboard; sourceTree = "<group>"; };
		587C8A162056D5A70079A76A /* Info.plist */ = {isa = PBXFileReference; lastKnownFileType = text.plist.xml; path = Info.plist; sourceTree = "<group>"; };
		587C8A1B2056D5A70079A76A /* CitiesListingTests.xctest */ = {isa = PBXFileReference; explicitFileType = wrapper.cfbundle; includeInIndex = 0; path = CitiesListingTests.xctest; sourceTree = BUILT_PRODUCTS_DIR; };
		587C8A1F2056D5A70079A76A /* CitiesListingTests.swift */ = {isa = PBXFileReference; lastKnownFileType = sourcecode.swift; path = CitiesListingTests.swift; sourceTree = "<group>"; };
		587C8A212056D5A70079A76A /* Info.plist */ = {isa = PBXFileReference; lastKnownFileType = text.plist.xml; path = Info.plist; sourceTree = "<group>"; };
		587C8A2A2056D5F60079A76A /* CitiesData.swift */ = {isa = PBXFileReference; lastKnownFileType = sourcecode.swift; path = CitiesData.swift; sourceTree = "<group>"; };
		587C8A2D2056D7AE0079A76A /* City.swift */ = {isa = PBXFileReference; lastKnownFileType = sourcecode.swift; path = City.swift; sourceTree = "<group>"; };
		587C8A322056DA950079A76A /* CitiesTableViewController.swift */ = {isa = PBXFileReference; lastKnownFileType = sourcecode.swift; path = CitiesTableViewController.swift; sourceTree = "<group>"; };
		587C8A342057214D0079A76A /* MapViewController.swift */ = {isa = PBXFileReference; lastKnownFileType = sourcecode.swift; path = MapViewController.swift; sourceTree = "<group>"; };
/* End PBXFileReference section */

/* Begin PBXFrameworksBuildPhase section */
		587C8A042056D5A70079A76A /* Frameworks */ = {
			isa = PBXFrameworksBuildPhase;
			buildActionMask = 2147483647;
			files = (
			);
			runOnlyForDeploymentPostprocessing = 0;
		};
		587C8A182056D5A70079A76A /* Frameworks */ = {
			isa = PBXFrameworksBuildPhase;
			buildActionMask = 2147483647;
			files = (
			);
			runOnlyForDeploymentPostprocessing = 0;
		};
/* End PBXFrameworksBuildPhase section */

/* Begin PBXGroup section */
		587C89FE2056D5A70079A76A = {
			isa = PBXGroup;
			children = (
				584C513820580B1E00D99258 /* README.md */,
				587C8A092056D5A70079A76A /* CitiesListing */,
				587C8A1E2056D5A70079A76A /* CitiesListingTests */,
				587C8A082056D5A70079A76A /* Products */,
			);
			sourceTree = "<group>";
		};
		587C8A082056D5A70079A76A /* Products */ = {
			isa = PBXGroup;
			children = (
				587C8A072056D5A70079A76A /* CitiesListing.app */,
				587C8A1B2056D5A70079A76A /* CitiesListingTests.xctest */,
			);
			name = Products;
			sourceTree = "<group>";
		};
		587C8A092056D5A70079A76A /* CitiesListing */ = {
			isa = PBXGroup;
			children = (
				587C8A0A2056D5A70079A76A /* AppDelegate.swift */,
				587C8A302056D7CD0079A76A /* Storyboard */,
				587C8A2F2056D7B90079A76A /* ViewControllers */,
				587C8A2C2056D79D0079A76A /* Models */,
				587C8A312056D80B0079A76A /* Content */,
				587C8A112056D5A70079A76A /* Assets.xcassets */,
				587C8A162056D5A70079A76A /* Info.plist */,
			);
			path = CitiesListing;
			sourceTree = "<group>";
		};
		587C8A1E2056D5A70079A76A /* CitiesListingTests */ = {
			isa = PBXGroup;
			children = (
				587C8A1F2056D5A70079A76A /* CitiesListingTests.swift */,
				587C8A212056D5A70079A76A /* Info.plist */,
			);
			path = CitiesListingTests;
			sourceTree = "<group>";
		};
		587C8A2C2056D79D0079A76A /* Models */ = {
			isa = PBXGroup;
			children = (
				587C8A2D2056D7AE0079A76A /* City.swift */,
			);
			path = Models;
			sourceTree = "<group>";
		};
		587C8A2F2056D7B90079A76A /* ViewControllers */ = {
			isa = PBXGroup;
			children = (
				587C8A322056DA950079A76A /* CitiesTableViewController.swift */,
				587C8A342057214D0079A76A /* MapViewController.swift */,
			);
			path = ViewControllers;
			sourceTree = "<group>";
		};
		587C8A302056D7CD0079A76A /* Storyboard */ = {
			isa = PBXGroup;
			children = (
				587C8A132056D5A70079A76A /* LaunchScreen.storyboard */,
				587C8A0E2056D5A70079A76A /* Main.storyboard */,
			);
			path = Storyboard;
			sourceTree = "<group>";
		};
		587C8A312056D80B0079A76A /* Content */ = {
			isa = PBXGroup;
			children = (
				587C8A2A2056D5F60079A76A /* CitiesData.swift */,
			);
			path = Content;
			sourceTree = "<group>";
		};
/* End PBXGroup section */

/* Begin PBXNativeTarget section */
		587C8A062056D5A70079A76A /* CitiesListing */ = {
			isa = PBXNativeTarget;
			buildConfigurationList = 587C8A242056D5A70079A76A /* Build configuration list for PBXNativeTarget "CitiesListing" */;
			buildPhases = (
				587C8A032056D5A70079A76A /* Sources */,
				587C8A042056D5A70079A76A /* Frameworks */,
				587C8A052056D5A70079A76A /* Resources */,
			);
			buildRules = (
			);
			dependencies = (
			);
			name = CitiesListing;
			productName = CitiesListing;
			productReference = 587C8A072056D5A70079A76A /* CitiesListing.app */;
			productType = "com.apple.product-type.application";
		};
		587C8A1A2056D5A70079A76A /* CitiesListingTests */ = {
			isa = PBXNativeTarget;
			buildConfigurationList = 587C8A272056D5A70079A76A /* Build configuration list for PBXNativeTarget "CitiesListingTests" */;
			buildPhases = (
				587C8A172056D5A70079A76A /* Sources */,
				587C8A182056D5A70079A76A /* Frameworks */,
				587C8A192056D5A70079A76A /* Resources */,
			);
			buildRules = (
			);
			dependencies = (
				587C8A1D2056D5A70079A76A /* PBXTargetDependency */,
			);
			name = CitiesListingTests;
			productName = CitiesListingTests;
			productReference = 587C8A1B2056D5A70079A76A /* CitiesListingTests.xctest */;
			productType = "com.apple.product-type.bundle.unit-test";
		};
/* End PBXNativeTarget section */

/* Begin PBXProject section */
		587C89FF2056D5A70079A76A /* Project object */ = {
			isa = PBXProject;
			attributes = {
				LastSwiftUpdateCheck = 0920;
				LastUpgradeCheck = 0920;
				ORGANIZATIONNAME = mourodrigo;
				TargetAttributes = {
					587C8A062056D5A70079A76A = {
						CreatedOnToolsVersion = 9.2;
						ProvisioningStyle = Automatic;
					};
					587C8A1A2056D5A70079A76A = {
						CreatedOnToolsVersion = 9.2;
						ProvisioningStyle = Automatic;
						TestTargetID = 587C8A062056D5A70079A76A;
					};
				};
			};
			buildConfigurationList = 587C8A022056D5A70079A76A /* Build configuration list for PBXProject "CitiesListing" */;
			compatibilityVersion = "Xcode 8.0";
			developmentRegion = en;
			hasScannedForEncodings = 0;
			knownRegions = (
				en,
				Base,
			);
			mainGroup = 587C89FE2056D5A70079A76A;
			productRefGroup = 587C8A082056D5A70079A76A /* Products */;
			projectDirPath = "";
			projectRoot = "";
			targets = (
				587C8A062056D5A70079A76A /* CitiesListing */,
				587C8A1A2056D5A70079A76A /* CitiesListingTests */,
			);
		};
/* End PBXProject section */

/* Begin PBXResourcesBuildPhase section */
		587C8A052056D5A70079A76A /* Resources */ = {
			isa = PBXResourcesBuildPhase;
			buildActionMask = 2147483647;
			files = (
				587C8A152056D5A70079A76A /* LaunchScreen.storyboard in Resources */,
				587C8A122056D5A70079A76A /* Assets.xcassets in Resources */,
				584C513920580B1E00D99258 /* README.md in Resources */,
				587C8A102056D5A70079A76A /* Main.storyboard in Resources */,
			);
			runOnlyForDeploymentPostprocessing = 0;
		};
		587C8A192056D5A70079A76A /* Resources */ = {
			isa = PBXResourcesBuildPhase;
			buildActionMask = 2147483647;
			files = (
			);
			runOnlyForDeploymentPostprocessing = 0;
		};
/* End PBXResourcesBuildPhase section */

/* Begin PBXSourcesBuildPhase section */
		587C8A032056D5A70079A76A /* Sources */ = {
			isa = PBXSourcesBuildPhase;
			buildActionMask = 2147483647;
			files = (
				587C8A332056DA950079A76A /* CitiesTableViewController.swift in Sources */,
				587C8A0B2056D5A70079A76A /* AppDelegate.swift in Sources */,
				587C8A2E2056D7AE0079A76A /* City.swift in Sources */,
				587C8A352057214E0079A76A /* MapViewController.swift in Sources */,
				587C8A2B2056D5F60079A76A /* CitiesData.swift in Sources */,
			);
			runOnlyForDeploymentPostprocessing = 0;
		};
		587C8A172056D5A70079A76A /* Sources */ = {
			isa = PBXSourcesBuildPhase;
			buildActionMask = 2147483647;
			files = (
				587C8A202056D5A70079A76A /* CitiesListingTests.swift in Sources */,
			);
			runOnlyForDeploymentPostprocessing = 0;
		};
/* End PBXSourcesBuildPhase section */

/* Begin PBXTargetDependency section */
		587C8A1D2056D5A70079A76A /* PBXTargetDependency */ = {
			isa = PBXTargetDependency;
			target = 587C8A062056D5A70079A76A /* CitiesListing */;
			targetProxy = 587C8A1C2056D5A70079A76A /* PBXContainerItemProxy */;
		};
/* End PBXTargetDependency section */

/* Begin PBXVariantGroup section */
		587C8A0E2056D5A70079A76A /* Main.storyboard */ = {
			isa = PBXVariantGroup;
			children = (
				587C8A0F2056D5A70079A76A /* Base */,
			);
			name = Main.storyboard;
			sourceTree = "<group>";
		};
		587C8A132056D5A70079A76A /* LaunchScreen.storyboard */ = {
			isa = PBXVariantGroup;
			children = (
				587C8A142056D5A70079A76A /* Base */,
			);
			name = LaunchScreen.storyboard;
			sourceTree = "<group>";
		};
/* End PBXVariantGroup section */

/* Begin XCBuildConfiguration section */
		587C8A222056D5A70079A76A /* Debug */ = {
			isa = XCBuildConfiguration;
			buildSettings = {
				ALWAYS_SEARCH_USER_PATHS = NO;
				CLANG_ANALYZER_NONNULL = YES;
				CLANG_ANALYZER_NUMBER_OBJECT_CONVERSION = YES_AGGRESSIVE;
				CLANG_CXX_LANGUAGE_STANDARD = "gnu++14";
				CLANG_CXX_LIBRARY = "libc++";
				CLANG_ENABLE_MODULES = YES;
				CLANG_ENABLE_OBJC_ARC = YES;
				CLANG_WARN_BLOCK_CAPTURE_AUTORELEASING = YES;
				CLANG_WARN_BOOL_CONVERSION = YES;
				CLANG_WARN_COMMA = YES;
				CLANG_WARN_CONSTANT_CONVERSION = YES;
				CLANG_WARN_DIRECT_OBJC_ISA_USAGE = YES_ERROR;
				CLANG_WARN_DOCUMENTATION_COMMENTS = YES;
				CLANG_WARN_EMPTY_BODY = YES;
				CLANG_WARN_ENUM_CONVERSION = YES;
				CLANG_WARN_INFINITE_RECURSION = YES;
				CLANG_WARN_INT_CONVERSION = YES;
				CLANG_WARN_NON_LITERAL_NULL_CONVERSION = YES;
				CLANG_WARN_OBJC_LITERAL_CONVERSION = YES;
				CLANG_WARN_OBJC_ROOT_CLASS = YES_ERROR;
				CLANG_WARN_RANGE_LOOP_ANALYSIS = YES;
				CLANG_WARN_STRICT_PROTOTYPES = YES;
				CLANG_WARN_SUSPICIOUS_MOVE = YES;
				CLANG_WARN_UNGUARDED_AVAILABILITY = YES_AGGRESSIVE;
				CLANG_WARN_UNREACHABLE_CODE = YES;
				CLANG_WARN__DUPLICATE_METHOD_MATCH = YES;
				CODE_SIGN_IDENTITY = "iPhone Developer";
				COPY_PHASE_STRIP = NO;
				DEBUG_INFORMATION_FORMAT = dwarf;
				ENABLE_STRICT_OBJC_MSGSEND = YES;
				ENABLE_TESTABILITY = YES;
				GCC_C_LANGUAGE_STANDARD = gnu11;
				GCC_DYNAMIC_NO_PIC = NO;
				GCC_NO_COMMON_BLOCKS = YES;
				GCC_OPTIMIZATION_LEVEL = 0;
				GCC_PREPROCESSOR_DEFINITIONS = (
					"DEBUG=1",
					"$(inherited)",
				);
				GCC_WARN_64_TO_32_BIT_CONVERSION = YES;
				GCC_WARN_ABOUT_RETURN_TYPE = YES_ERROR;
				GCC_WARN_UNDECLARED_SELECTOR = YES;
				GCC_WARN_UNINITIALIZED_AUTOS = YES_AGGRESSIVE;
				GCC_WARN_UNUSED_FUNCTION = YES;
				GCC_WARN_UNUSED_VARIABLE = YES;
				IPHONEOS_DEPLOYMENT_TARGET = 11.2;
				MTL_ENABLE_DEBUG_INFO = YES;
				ONLY_ACTIVE_ARCH = YES;
				SDKROOT = iphoneos;
				SWIFT_ACTIVE_COMPILATION_CONDITIONS = DEBUG;
				SWIFT_OPTIMIZATION_LEVEL = "-Onone";
			};
			name = Debug;
		};
		587C8A232056D5A70079A76A /* Release */ = {
			isa = XCBuildConfiguration;
			buildSettings = {
				ALWAYS_SEARCH_USER_PATHS = NO;
				CLANG_ANALYZER_NONNULL = YES;
				CLANG_ANALYZER_NUMBER_OBJECT_CONVERSION = YES_AGGRESSIVE;
				CLANG_CXX_LANGUAGE_STANDARD = "gnu++14";
				CLANG_CXX_LIBRARY = "libc++";
				CLANG_ENABLE_MODULES = YES;
				CLANG_ENABLE_OBJC_ARC = YES;
				CLANG_WARN_BLOCK_CAPTURE_AUTORELEASING = YES;
				CLANG_WARN_BOOL_CONVERSION = YES;
				CLANG_WARN_COMMA = YES;
				CLANG_WARN_CONSTANT_CONVERSION = YES;
				CLANG_WARN_DIRECT_OBJC_ISA_USAGE = YES_ERROR;
				CLANG_WARN_DOCUMENTATION_COMMENTS = YES;
				CLANG_WARN_EMPTY_BODY = YES;
				CLANG_WARN_ENUM_CONVERSION = YES;
				CLANG_WARN_INFINITE_RECURSION = YES;
				CLANG_WARN_INT_CONVERSION = YES;
				CLANG_WARN_NON_LITERAL_NULL_CONVERSION = YES;
				CLANG_WARN_OBJC_LITERAL_CONVERSION = YES;
				CLANG_WARN_OBJC_ROOT_CLASS = YES_ERROR;
				CLANG_WARN_RANGE_LOOP_ANALYSIS = YES;
				CLANG_WARN_STRICT_PROTOTYPES = YES;
				CLANG_WARN_SUSPICIOUS_MOVE = YES;
				CLANG_WARN_UNGUARDED_AVAILABILITY = YES_AGGRESSIVE;
				CLANG_WARN_UNREACHABLE_CODE = YES;
				CLANG_WARN__DUPLICATE_METHOD_MATCH = YES;
				CODE_SIGN_IDENTITY = "iPhone Developer";
				COPY_PHASE_STRIP = NO;
				DEBUG_INFORMATION_FORMAT = "dwarf-with-dsym";
				ENABLE_NS_ASSERTIONS = NO;
				ENABLE_STRICT_OBJC_MSGSEND = YES;
				GCC_C_LANGUAGE_STANDARD = gnu11;
				GCC_NO_COMMON_BLOCKS = YES;
				GCC_WARN_64_TO_32_BIT_CONVERSION = YES;
				GCC_WARN_ABOUT_RETURN_TYPE = YES_ERROR;
				GCC_WARN_UNDECLARED_SELECTOR = YES;
				GCC_WARN_UNINITIALIZED_AUTOS = YES_AGGRESSIVE;
				GCC_WARN_UNUSED_FUNCTION = YES;
				GCC_WARN_UNUSED_VARIABLE = YES;
				IPHONEOS_DEPLOYMENT_TARGET = 11.2;
				MTL_ENABLE_DEBUG_INFO = NO;
				SDKROOT = iphoneos;
				SWIFT_OPTIMIZATION_LEVEL = "-Owholemodule";
				VALIDATE_PRODUCT = YES;
			};
			name = Release;
		};
		587C8A252056D5A70079A76A /* Debug */ = {
			isa = XCBuildConfiguration;
			buildSettings = {
				ASSETCATALOG_COMPILER_APPICON_NAME = AppIcon;
				CODE_SIGN_STYLE = Automatic;
				DEVELOPMENT_TEAM = 4FGE2T62F7;
				INFOPLIST_FILE = CitiesListing/Info.plist;
				IPHONEOS_DEPLOYMENT_TARGET = 10.0;
				LD_RUNPATH_SEARCH_PATHS = "$(inherited) @executable_path/Frameworks";
				PRODUCT_BUNDLE_IDENTIFIER = mourodrigo.CitiesListing;
				PRODUCT_NAME = "$(TARGET_NAME)";
				SWIFT_VERSION = 4.0;
				TARGETED_DEVICE_FAMILY = "1,2";
			};
			name = Debug;
		};
		587C8A262056D5A70079A76A /* Release */ = {
			isa = XCBuildConfiguration;
			buildSettings = {
				ASSETCATALOG_COMPILER_APPICON_NAME = AppIcon;
				CODE_SIGN_STYLE = Automatic;
				DEVELOPMENT_TEAM = 4FGE2T62F7;
				INFOPLIST_FILE = CitiesListing/Info.plist;
				IPHONEOS_DEPLOYMENT_TARGET = 10.0;
				LD_RUNPATH_SEARCH_PATHS = "$(inherited) @executable_path/Frameworks";
				PRODUCT_BUNDLE_IDENTIFIER = mourodrigo.CitiesListing;
				PRODUCT_NAME = "$(TARGET_NAME)";
				SWIFT_VERSION = 4.0;
				TARGETED_DEVICE_FAMILY = "1,2";
			};
			name = Release;
		};
		587C8A282056D5A70079A76A /* Debug */ = {
			isa = XCBuildConfiguration;
			buildSettings = {
				ALWAYS_EMBED_SWIFT_STANDARD_LIBRARIES = YES;
				BUNDLE_LOADER = "$(TEST_HOST)";
				CODE_SIGN_STYLE = Automatic;
				DEVELOPMENT_TEAM = 4FGE2T62F7;
				INFOPLIST_FILE = CitiesListingTests/Info.plist;
				LD_RUNPATH_SEARCH_PATHS = "$(inherited) @executable_path/Frameworks @loader_path/Frameworks";
				PRODUCT_BUNDLE_IDENTIFIER = mourodrigo.CitiesListingTests;
				PRODUCT_NAME = "$(TARGET_NAME)";
				SWIFT_VERSION = 4.0;
				TARGETED_DEVICE_FAMILY = "1,2";
				TEST_HOST = "$(BUILT_PRODUCTS_DIR)/CitiesListing.app/CitiesListing";
			};
			name = Debug;
		};
		587C8A292056D5A70079A76A /* Release */ = {
			isa = XCBuildConfiguration;
			buildSettings = {
				ALWAYS_EMBED_SWIFT_STANDARD_LIBRARIES = YES;
				BUNDLE_LOADER = "$(TEST_HOST)";
				CODE_SIGN_STYLE = Automatic;
				DEVELOPMENT_TEAM = 4FGE2T62F7;
				INFOPLIST_FILE = CitiesListingTests/Info.plist;
				LD_RUNPATH_SEARCH_PATHS = "$(inherited) @executable_path/Frameworks @loader_path/Frameworks";
				PRODUCT_BUNDLE_IDENTIFIER = mourodrigo.CitiesListingTests;
				PRODUCT_NAME = "$(TARGET_NAME)";
				SWIFT_VERSION = 4.0;
				TARGETED_DEVICE_FAMILY = "1,2";
				TEST_HOST = "$(BUILT_PRODUCTS_DIR)/CitiesListing.app/CitiesListing";
			};
			name = Release;
		};
/* End XCBuildConfiguration section */

/* Begin XCConfigurationList section */
		587C8A022056D5A70079A76A /* Build configuration list for PBXProject "CitiesListing" */ = {
			isa = XCConfigurationList;
			buildConfigurations = (
				587C8A222056D5A70079A76A /* Debug */,
				587C8A232056D5A70079A76A /* Release */,
			);
			defaultConfigurationIsVisible = 0;
			defaultConfigurationName = Release;
		};
		587C8A242056D5A70079A76A /* Build configuration list for PBXNativeTarget "CitiesListing" */ = {
			isa = XCConfigurationList;
			buildConfigurations = (
				587C8A252056D5A70079A76A /* Debug */,
				587C8A262056D5A70079A76A /* Release */,
			);
			defaultConfigurationIsVisible = 0;
			defaultConfigurationName = Release;
		};
		587C8A272056D5A70079A76A /* Build configuration list for PBXNativeTarget "CitiesListingTests" */ = {
			isa = XCConfigurationList;
			buildConfigurations = (
				587C8A282056D5A70079A76A /* Debug */,
				587C8A292056D5A70079A76A /* Release */,
			);
			defaultConfigurationIsVisible = 0;
			defaultConfigurationName = Release;
		};
/* End XCConfigurationList section */
	};
	rootObject = 587C89FF2056D5A70079A76A /* Project object */;
}
